// !$*UTF8*$!
{
	archiveVersion = 1;
	classes = {
	};
	objectVersion = 46;
	objects = {

/* Begin PBXBuildFile section */
		1F3C4FB48900457B9D11A872 /* libPods-FoundationSafety.a in Frameworks */ = {isa = PBXBuildFile; fileRef = 3FB17D2AD31C4C0F916A7188 /* libPods-FoundationSafety.a */; };
		29025133194C764900A0D683 /* JGSwiftViewController.swift in Sources */ = {isa = PBXBuildFile; fileRef = 29025132194C764900A0D683 /* JGSwiftViewController.swift */; };
		292467D1194C3FA400E146D8 /* Foundation.framework in Frameworks */ = {isa = PBXBuildFile; fileRef = 292467D0194C3FA400E146D8 /* Foundation.framework */; };
		292467D3194C3FA400E146D8 /* CoreGraphics.framework in Frameworks */ = {isa = PBXBuildFile; fileRef = 292467D2194C3FA400E146D8 /* CoreGraphics.framework */; };
		292467D5194C3FA400E146D8 /* UIKit.framework in Frameworks */ = {isa = PBXBuildFile; fileRef = 292467D4194C3FA400E146D8 /* UIKit.framework */; };
		292467DB194C3FA400E146D8 /* InfoPlist.strings in Resources */ = {isa = PBXBuildFile; fileRef = 292467D9194C3FA400E146D8 /* InfoPlist.strings */; };
		292467DD194C3FA400E146D8 /* main.m in Sources */ = {isa = PBXBuildFile; fileRef = 292467DC194C3FA400E146D8 /* main.m */; };
		292467E1194C3FA400E146D8 /* JGAppDelegate.m in Sources */ = {isa = PBXBuildFile; fileRef = 292467E0194C3FA400E146D8 /* JGAppDelegate.m */; };
		292467E4194C3FA400E146D8 /* Main.storyboard in Resources */ = {isa = PBXBuildFile; fileRef = 292467E2194C3FA400E146D8 /* Main.storyboard */; };
		292467E7194C3FA400E146D8 /* JGViewController.m in Sources */ = {isa = PBXBuildFile; fileRef = 292467E6194C3FA400E146D8 /* JGViewController.m */; };
		292467E9194C3FA400E146D8 /* Images.xcassets in Resources */ = {isa = PBXBuildFile; fileRef = 292467E8194C3FA400E146D8 /* Images.xcassets */; };
		292467F0194C3FA400E146D8 /* XCTest.framework in Frameworks */ = {isa = PBXBuildFile; fileRef = 292467EF194C3FA400E146D8 /* XCTest.framework */; };
		292467F1194C3FA400E146D8 /* Foundation.framework in Frameworks */ = {isa = PBXBuildFile; fileRef = 292467D0194C3FA400E146D8 /* Foundation.framework */; };
		292467F2194C3FA400E146D8 /* UIKit.framework in Frameworks */ = {isa = PBXBuildFile; fileRef = 292467D4194C3FA400E146D8 /* UIKit.framework */; };
		292467FA194C3FA400E146D8 /* InfoPlist.strings in Resources */ = {isa = PBXBuildFile; fileRef = 292467F8194C3FA400E146D8 /* InfoPlist.strings */; };
		2924680B194C478C00E146D8 /* NSArray+SafetySpec.m in Sources */ = {isa = PBXBuildFile; fileRef = 29246809194C478C00E146D8 /* NSArray+SafetySpec.m */; };
		2924680C194C478C00E146D8 /* NSDictionary+SafetySpec.m in Sources */ = {isa = PBXBuildFile; fileRef = 2924680A194C478C00E146D8 /* NSDictionary+SafetySpec.m */; };
		2924680F194C4A3000E146D8 /* NSMutableArray+SafetySpec.m in Sources */ = {isa = PBXBuildFile; fileRef = 2924680E194C4A3000E146D8 /* NSMutableArray+SafetySpec.m */; };
		29246811194C4AB800E146D8 /* NSMutableDictionary+SafetySpec.m in Sources */ = {isa = PBXBuildFile; fileRef = 29246810194C4AB800E146D8 /* NSMutableDictionary+SafetySpec.m */; };
		DBDEB92A8E1C4B37B55AB308 /* libPods-FoundationSafetyTests.a in Frameworks */ = {isa = PBXBuildFile; fileRef = F4DC230437834418B8B999C2 /* libPods-FoundationSafetyTests.a */; };
/* End PBXBuildFile section */

/* Begin PBXContainerItemProxy section */
		292467F3194C3FA400E146D8 /* PBXContainerItemProxy */ = {
			isa = PBXContainerItemProxy;
			containerPortal = 292467C5194C3FA400E146D8 /* Project object */;
			proxyType = 1;
			remoteGlobalIDString = 292467CC194C3FA400E146D8;
			remoteInfo = FoundationSafety;
		};
/* End PBXContainerItemProxy section */

/* Begin PBXFileReference section */
		29025131194C764800A0D683 /* FoundationSafety-Bridging-Header.h */ = {isa = PBXFileReference; lastKnownFileType = sourcecode.c.h; path = "FoundationSafety-Bridging-Header.h"; sourceTree = "<group>"; };
		29025132194C764900A0D683 /* JGSwiftViewController.swift */ = {isa = PBXFileReference; fileEncoding = 4; lastKnownFileType = sourcecode.swift; path = JGSwiftViewController.swift; sourceTree = "<group>"; };
		292467CD194C3FA400E146D8 /* FoundationSafety.app */ = {isa = PBXFileReference; explicitFileType = wrapper.application; includeInIndex = 0; path = FoundationSafety.app; sourceTree = BUILT_PRODUCTS_DIR; };
		292467D0194C3FA400E146D8 /* Foundation.framework */ = {isa = PBXFileReference; lastKnownFileType = wrapper.framework; name = Foundation.framework; path = System/Library/Frameworks/Foundation.framework; sourceTree = SDKROOT; };
		292467D2194C3FA400E146D8 /* CoreGraphics.framework */ = {isa = PBXFileReference; lastKnownFileType = wrapper.framework; name = CoreGraphics.framework; path = System/Library/Frameworks/CoreGraphics.framework; sourceTree = SDKROOT; };
		292467D4194C3FA400E146D8 /* UIKit.framework */ = {isa = PBXFileReference; lastKnownFileType = wrapper.framework; name = UIKit.framework; path = System/Library/Frameworks/UIKit.framework; sourceTree = SDKROOT; };
		292467D8194C3FA400E146D8 /* FoundationSafety-Info.plist */ = {isa = PBXFileReference; lastKnownFileType = text.plist.xml; path = "FoundationSafety-Info.plist"; sourceTree = "<group>"; };
		292467DA194C3FA400E146D8 /* en */ = {isa = PBXFileReference; lastKnownFileType = text.plist.strings; name = en; path = en.lproj/InfoPlist.strings; sourceTree = "<group>"; };
		292467DC194C3FA400E146D8 /* main.m */ = {isa = PBXFileReference; lastKnownFileType = sourcecode.c.objc; path = main.m; sourceTree = "<group>"; };
		292467DE194C3FA400E146D8 /* FoundationSafety-Prefix.pch */ = {isa = PBXFileReference; lastKnownFileType = sourcecode.c.h; path = "FoundationSafety-Prefix.pch"; sourceTree = "<group>"; };
		292467DF194C3FA400E146D8 /* JGAppDelegate.h */ = {isa = PBXFileReference; lastKnownFileType = sourcecode.c.h; path = JGAppDelegate.h; sourceTree = "<group>"; };
		292467E0194C3FA400E146D8 /* JGAppDelegate.m */ = {isa = PBXFileReference; lastKnownFileType = sourcecode.c.objc; path = JGAppDelegate.m; sourceTree = "<group>"; };
		292467E5194C3FA400E146D8 /* JGViewController.h */ = {isa = PBXFileReference; lastKnownFileType = sourcecode.c.h; path = JGViewController.h; sourceTree = "<group>"; };
		292467E6194C3FA400E146D8 /* JGViewController.m */ = {isa = PBXFileReference; lastKnownFileType = sourcecode.c.objc; path = JGViewController.m; sourceTree = "<group>"; };
		292467E8194C3FA400E146D8 /* Images.xcassets */ = {isa = PBXFileReference; lastKnownFileType = folder.assetcatalog; path = Images.xcassets; sourceTree = "<group>"; };
		292467EE194C3FA400E146D8 /* FoundationSafetyTests.xctest */ = {isa = PBXFileReference; explicitFileType = wrapper.cfbundle; includeInIndex = 0; path = FoundationSafetyTests.xctest; sourceTree = BUILT_PRODUCTS_DIR; };
		292467EF194C3FA400E146D8 /* XCTest.framework */ = {isa = PBXFileReference; lastKnownFileType = wrapper.framework; name = XCTest.framework; path = Library/Frameworks/XCTest.framework; sourceTree = DEVELOPER_DIR; };
		292467F7194C3FA400E146D8 /* FoundationSafetyTests-Info.plist */ = {isa = PBXFileReference; lastKnownFileType = text.plist.xml; path = "FoundationSafetyTests-Info.plist"; sourceTree = "<group>"; };
		292467F9194C3FA400E146D8 /* en */ = {isa = PBXFileReference; lastKnownFileType = text.plist.strings; name = en; path = en.lproj/InfoPlist.strings; sourceTree = "<group>"; };
		29246809194C478C00E146D8 /* NSArray+SafetySpec.m */ = {isa = PBXFileReference; fileEncoding = 4; lastKnownFileType = sourcecode.c.objc; path = "NSArray+SafetySpec.m"; sourceTree = "<group>"; };
		2924680A194C478C00E146D8 /* NSDictionary+SafetySpec.m */ = {isa = PBXFileReference; fileEncoding = 4; lastKnownFileType = sourcecode.c.objc; path = "NSDictionary+SafetySpec.m"; sourceTree = "<group>"; };
		2924680D194C47B800E146D8 /* en */ = {isa = PBXFileReference; lastKnownFileType = file.storyboard; name = en; path = en.lproj/Main.storyboard; sourceTree = "<group>"; };
		2924680E194C4A3000E146D8 /* NSMutableArray+SafetySpec.m */ = {isa = PBXFileReference; fileEncoding = 4; lastKnownFileType = sourcecode.c.objc; path = "NSMutableArray+SafetySpec.m"; sourceTree = "<group>"; };
		29246810194C4AB800E146D8 /* NSMutableDictionary+SafetySpec.m */ = {isa = PBXFileReference; fileEncoding = 4; lastKnownFileType = sourcecode.c.objc; path = "NSMutableDictionary+SafetySpec.m"; sourceTree = "<group>"; };
		3FB17D2AD31C4C0F916A7188 /* libPods-FoundationSafety.a */ = {isa = PBXFileReference; explicitFileType = archive.ar; includeInIndex = 0; path = "libPods-FoundationSafety.a"; sourceTree = BUILT_PRODUCTS_DIR; };
		51A10A76690B4826A8E8026A /* Pods-FoundationSafetyTests.xcconfig */ = {isa = PBXFileReference; includeInIndex = 1; lastKnownFileType = text.xcconfig; name = "Pods-FoundationSafetyTests.xcconfig"; path = "Pods/Pods-FoundationSafetyTests.xcconfig"; sourceTree = "<group>"; };
		A86B5FBB87124DF3BA6F8574 /* Pods-FoundationSafety.xcconfig */ = {isa = PBXFileReference; includeInIndex = 1; lastKnownFileType = text.xcconfig; name = "Pods-FoundationSafety.xcconfig"; path = "Pods/Pods-FoundationSafety.xcconfig"; sourceTree = "<group>"; };
		F4DC230437834418B8B999C2 /* libPods-FoundationSafetyTests.a */ = {isa = PBXFileReference; explicitFileType = archive.ar; includeInIndex = 0; path = "libPods-FoundationSafetyTests.a"; sourceTree = BUILT_PRODUCTS_DIR; };
/* End PBXFileReference section */

/* Begin PBXFrameworksBuildPhase section */
		292467CA194C3FA400E146D8 /* Frameworks */ = {
			isa = PBXFrameworksBuildPhase;
			buildActionMask = 2147483647;
			files = (
				292467D3194C3FA400E146D8 /* CoreGraphics.framework in Frameworks */,
				292467D5194C3FA400E146D8 /* UIKit.framework in Frameworks */,
				292467D1194C3FA400E146D8 /* Foundation.framework in Frameworks */,
				1F3C4FB48900457B9D11A872 /* libPods-FoundationSafety.a in Frameworks */,
			);
			runOnlyForDeploymentPostprocessing = 0;
		};
		292467EB194C3FA400E146D8 /* Frameworks */ = {
			isa = PBXFrameworksBuildPhase;
			buildActionMask = 2147483647;
			files = (
				292467F0194C3FA400E146D8 /* XCTest.framework in Frameworks */,
				292467F2194C3FA400E146D8 /* UIKit.framework in Frameworks */,
				292467F1194C3FA400E146D8 /* Foundation.framework in Frameworks */,
				DBDEB92A8E1C4B37B55AB308 /* libPods-FoundationSafetyTests.a in Frameworks */,
			);
			runOnlyForDeploymentPostprocessing = 0;
		};
/* End PBXFrameworksBuildPhase section */

/* Begin PBXGroup section */
		292467C4194C3FA400E146D8 = {
			isa = PBXGroup;
			children = (
				292467D6194C3FA400E146D8 /* FoundationSafety */,
				292467F5194C3FA400E146D8 /* FoundationSafetyTests */,
				292467CF194C3FA400E146D8 /* Frameworks */,
				292467CE194C3FA400E146D8 /* Products */,
				A86B5FBB87124DF3BA6F8574 /* Pods-FoundationSafety.xcconfig */,
				51A10A76690B4826A8E8026A /* Pods-FoundationSafetyTests.xcconfig */,
			);
			sourceTree = "<group>";
		};
		292467CE194C3FA400E146D8 /* Products */ = {
			isa = PBXGroup;
			children = (
				292467CD194C3FA400E146D8 /* FoundationSafety.app */,
				292467EE194C3FA400E146D8 /* FoundationSafetyTests.xctest */,
			);
			name = Products;
			sourceTree = "<group>";
		};
		292467CF194C3FA400E146D8 /* Frameworks */ = {
			isa = PBXGroup;
			children = (
				292467D0194C3FA400E146D8 /* Foundation.framework */,
				292467D2194C3FA400E146D8 /* CoreGraphics.framework */,
				292467D4194C3FA400E146D8 /* UIKit.framework */,
				292467EF194C3FA400E146D8 /* XCTest.framework */,
				3FB17D2AD31C4C0F916A7188 /* libPods-FoundationSafety.a */,
				F4DC230437834418B8B999C2 /* libPods-FoundationSafetyTests.a */,
			);
			name = Frameworks;
			sourceTree = "<group>";
		};
		292467D6194C3FA400E146D8 /* FoundationSafety */ = {
			isa = PBXGroup;
			children = (
				292467DF194C3FA400E146D8 /* JGAppDelegate.h */,
				292467E0194C3FA400E146D8 /* JGAppDelegate.m */,
				292467E2194C3FA400E146D8 /* Main.storyboard */,
				292467E5194C3FA400E146D8 /* JGViewController.h */,
				292467E6194C3FA400E146D8 /* JGViewController.m */,
				292467E8194C3FA400E146D8 /* Images.xcassets */,
				292467D7194C3FA400E146D8 /* Supporting Files */,
				29025132194C764900A0D683 /* JGSwiftViewController.swift */,
				29025131194C764800A0D683 /* FoundationSafety-Bridging-Header.h */,
			);
			path = FoundationSafety;
			sourceTree = "<group>";
		};
		292467D7194C3FA400E146D8 /* Supporting Files */ = {
			isa = PBXGroup;
			children = (
				292467D8194C3FA400E146D8 /* FoundationSafety-Info.plist */,
				292467D9194C3FA400E146D8 /* InfoPlist.strings */,
				292467DC194C3FA400E146D8 /* main.m */,
				292467DE194C3FA400E146D8 /* FoundationSafety-Prefix.pch */,
			);
			name = "Supporting Files";
			sourceTree = "<group>";
		};
		292467F5194C3FA400E146D8 /* FoundationSafetyTests */ = {
			isa = PBXGroup;
			children = (
				29246809194C478C00E146D8 /* NSArray+SafetySpec.m */,
				2924680A194C478C00E146D8 /* NSDictionary+SafetySpec.m */,
				292467F6194C3FA400E146D8 /* Supporting Files */,
				2924680E194C4A3000E146D8 /* NSMutableArray+SafetySpec.m */,
				29246810194C4AB800E146D8 /* NSMutableDictionary+SafetySpec.m */,
			);
			path = FoundationSafetyTests;
			sourceTree = "<group>";
		};
		292467F6194C3FA400E146D8 /* Supporting Files */ = {
			isa = PBXGroup;
			children = (
				292467F7194C3FA400E146D8 /* FoundationSafetyTests-Info.plist */,
				292467F8194C3FA400E146D8 /* InfoPlist.strings */,
			);
			name = "Supporting Files";
			sourceTree = "<group>";
		};
/* End PBXGroup section */

/* Begin PBXNativeTarget section */
		292467CC194C3FA400E146D8 /* FoundationSafety */ = {
			isa = PBXNativeTarget;
			buildConfigurationList = 292467FF194C3FA400E146D8 /* Build configuration list for PBXNativeTarget "FoundationSafety" */;
			buildPhases = (
				ACF1B5CD40424FDAA3915979 /* Check Pods Manifest.lock */,
				292467C9194C3FA400E146D8 /* Sources */,
				292467CA194C3FA400E146D8 /* Frameworks */,
				292467CB194C3FA400E146D8 /* Resources */,
				8EAA4B50F10044A380CCA8BC /* Copy Pods Resources */,
			);
			buildRules = (
			);
			dependencies = (
			);
			name = FoundationSafety;
			productName = FoundationSafety;
			productReference = 292467CD194C3FA400E146D8 /* FoundationSafety.app */;
			productType = "com.apple.product-type.application";
		};
		292467ED194C3FA400E146D8 /* FoundationSafetyTests */ = {
			isa = PBXNativeTarget;
			buildConfigurationList = 29246802194C3FA400E146D8 /* Build configuration list for PBXNativeTarget "FoundationSafetyTests" */;
			buildPhases = (
				D32D8078986A479C8D14EBF1 /* Check Pods Manifest.lock */,
				292467EA194C3FA400E146D8 /* Sources */,
				292467EB194C3FA400E146D8 /* Frameworks */,
				292467EC194C3FA400E146D8 /* Resources */,
				DFB02E6204BC4E3FAFBB8218 /* Copy Pods Resources */,
			);
			buildRules = (
			);
			dependencies = (
				292467F4194C3FA400E146D8 /* PBXTargetDependency */,
			);
			name = FoundationSafetyTests;
			productName = FoundationSafetyTests;
			productReference = 292467EE194C3FA400E146D8 /* FoundationSafetyTests.xctest */;
			productType = "com.apple.product-type.bundle.unit-test";
		};
/* End PBXNativeTarget section */

/* Begin PBXProject section */
		292467C5194C3FA400E146D8 /* Project object */ = {
			isa = PBXProject;
			attributes = {
				CLASSPREFIX = JG;
				LastUpgradeCheck = 0510;
				ORGANIZATIONNAME = "Jai Govindani";
				TargetAttributes = {
					292467ED194C3FA400E146D8 = {
						TestTargetID = 292467CC194C3FA400E146D8;
					};
				};
			};
			buildConfigurationList = 292467C8194C3FA400E146D8 /* Build configuration list for PBXProject "FoundationSafety" */;
			compatibilityVersion = "Xcode 3.2";
			developmentRegion = English;
			hasScannedForEncodings = 0;
			knownRegions = (
				en,
				Base,
			);
			mainGroup = 292467C4194C3FA400E146D8;
			productRefGroup = 292467CE194C3FA400E146D8 /* Products */;
			projectDirPath = "";
			projectRoot = "";
			targets = (
				292467CC194C3FA400E146D8 /* FoundationSafety */,
				292467ED194C3FA400E146D8 /* FoundationSafetyTests */,
			);
		};
/* End PBXProject section */

/* Begin PBXResourcesBuildPhase section */
		292467CB194C3FA400E146D8 /* Resources */ = {
			isa = PBXResourcesBuildPhase;
			buildActionMask = 2147483647;
			files = (
				292467E9194C3FA400E146D8 /* Images.xcassets in Resources */,
				292467DB194C3FA400E146D8 /* InfoPlist.strings in Resources */,
				292467E4194C3FA400E146D8 /* Main.storyboard in Resources */,
			);
			runOnlyForDeploymentPostprocessing = 0;
		};
		292467EC194C3FA400E146D8 /* Resources */ = {
			isa = PBXResourcesBuildPhase;
			buildActionMask = 2147483647;
			files = (
				292467FA194C3FA400E146D8 /* InfoPlist.strings in Resources */,
			);
			runOnlyForDeploymentPostprocessing = 0;
		};
/* End PBXResourcesBuildPhase section */

/* Begin PBXShellScriptBuildPhase section */
		8EAA4B50F10044A380CCA8BC /* Copy Pods Resources */ = {
			isa = PBXShellScriptBuildPhase;
			buildActionMask = 2147483647;
			files = (
			);
			inputPaths = (
			);
			name = "Copy Pods Resources";
			outputPaths = (
			);
			runOnlyForDeploymentPostprocessing = 0;
			shellPath = /bin/sh;
			shellScript = "\"${SRCROOT}/Pods/Pods-FoundationSafety-resources.sh\"\n";
			showEnvVarsInLog = 0;
		};
		ACF1B5CD40424FDAA3915979 /* Check Pods Manifest.lock */ = {
			isa = PBXShellScriptBuildPhase;
			buildActionMask = 2147483647;
			files = (
			);
			inputPaths = (
			);
			name = "Check Pods Manifest.lock";
			outputPaths = (
			);
			runOnlyForDeploymentPostprocessing = 0;
			shellPath = /bin/sh;
			shellScript = "diff \"${PODS_ROOT}/../Podfile.lock\" \"${PODS_ROOT}/Manifest.lock\" > /dev/null\nif [[ $? != 0 ]] ; then\n    cat << EOM\nerror: The sandbox is not in sync with the Podfile.lock. Run 'pod install' or update your CocoaPods installation.\nEOM\n    exit 1\nfi\n";
			showEnvVarsInLog = 0;
		};
		D32D8078986A479C8D14EBF1 /* Check Pods Manifest.lock */ = {
			isa = PBXShellScriptBuildPhase;
			buildActionMask = 2147483647;
			files = (
			);
			inputPaths = (
			);
			name = "Check Pods Manifest.lock";
			outputPaths = (
			);
			runOnlyForDeploymentPostprocessing = 0;
			shellPath = /bin/sh;
			shellScript = "diff \"${PODS_ROOT}/../Podfile.lock\" \"${PODS_ROOT}/Manifest.lock\" > /dev/null\nif [[ $? != 0 ]] ; then\n    cat << EOM\nerror: The sandbox is not in sync with the Podfile.lock. Run 'pod install' or update your CocoaPods installation.\nEOM\n    exit 1\nfi\n";
			showEnvVarsInLog = 0;
		};
		DFB02E6204BC4E3FAFBB8218 /* Copy Pods Resources */ = {
			isa = PBXShellScriptBuildPhase;
			buildActionMask = 2147483647;
			files = (
			);
			inputPaths = (
			);
			name = "Copy Pods Resources";
			outputPaths = (
			);
			runOnlyForDeploymentPostprocessing = 0;
			shellPath = /bin/sh;
			shellScript = "\"${SRCROOT}/Pods/Pods-FoundationSafetyTests-resources.sh\"\n";
			showEnvVarsInLog = 0;
		};
/* End PBXShellScriptBuildPhase section */

/* Begin PBXSourcesBuildPhase section */
		292467C9194C3FA400E146D8 /* Sources */ = {
			isa = PBXSourcesBuildPhase;
			buildActionMask = 2147483647;
			files = (
				292467DD194C3FA400E146D8 /* main.m in Sources */,
				292467E7194C3FA400E146D8 /* JGViewController.m in Sources */,
				292467E1194C3FA400E146D8 /* JGAppDelegate.m in Sources */,
				29025133194C764900A0D683 /* JGSwiftViewController.swift in Sources */,
			);
			runOnlyForDeploymentPostprocessing = 0;
		};
		292467EA194C3FA400E146D8 /* Sources */ = {
			isa = PBXSourcesBuildPhase;
			buildActionMask = 2147483647;
			files = (
				29246811194C4AB800E146D8 /* NSMutableDictionary+SafetySpec.m in Sources */,
				2924680C194C478C00E146D8 /* NSDictionary+SafetySpec.m in Sources */,
				2924680B194C478C00E146D8 /* NSArray+SafetySpec.m in Sources */,
				2924680F194C4A3000E146D8 /* NSMutableArray+SafetySpec.m in Sources */,
			);
			runOnlyForDeploymentPostprocessing = 0;
		};
/* End PBXSourcesBuildPhase section */

/* Begin PBXTargetDependency section */
		292467F4194C3FA400E146D8 /* PBXTargetDependency */ = {
			isa = PBXTargetDependency;
			target = 292467CC194C3FA400E146D8 /* FoundationSafety */;
			targetProxy = 292467F3194C3FA400E146D8 /* PBXContainerItemProxy */;
		};
/* End PBXTargetDependency section */

/* Begin PBXVariantGroup section */
		292467D9194C3FA400E146D8 /* InfoPlist.strings */ = {
			isa = PBXVariantGroup;
			children = (
				292467DA194C3FA400E146D8 /* en */,
			);
			name = InfoPlist.strings;
			sourceTree = "<group>";
		};
		292467E2194C3FA400E146D8 /* Main.storyboard */ = {
			isa = PBXVariantGroup;
			children = (
				2924680D194C47B800E146D8 /* en */,
			);
			name = Main.storyboard;
			sourceTree = "<group>";
		};
		292467F8194C3FA400E146D8 /* InfoPlist.strings */ = {
			isa = PBXVariantGroup;
			children = (
				292467F9194C3FA400E146D8 /* en */,
			);
			name = InfoPlist.strings;
			sourceTree = "<group>";
		};
/* End PBXVariantGroup section */

/* Begin XCBuildConfiguration section */
		292467FD194C3FA400E146D8 /* Debug */ = {
			isa = XCBuildConfiguration;
			buildSettings = {
				ALWAYS_SEARCH_USER_PATHS = NO;
				CLANG_CXX_LANGUAGE_STANDARD = "gnu++0x";
				CLANG_CXX_LIBRARY = "libc++";
				CLANG_ENABLE_MODULES = YES;
				CLANG_ENABLE_OBJC_ARC = YES;
				CLANG_WARN_BOOL_CONVERSION = YES;
				CLANG_WARN_CONSTANT_CONVERSION = YES;
				CLANG_WARN_DIRECT_OBJC_ISA_USAGE = YES_ERROR;
				CLANG_WARN_EMPTY_BODY = YES;
				CLANG_WARN_ENUM_CONVERSION = YES;
				CLANG_WARN_INT_CONVERSION = YES;
				CLANG_WARN_OBJC_ROOT_CLASS = YES_ERROR;
				CLANG_WARN__DUPLICATE_METHOD_MATCH = YES;
				"CODE_SIGN_IDENTITY[sdk=iphoneos*]" = "iPhone Developer";
				COPY_PHASE_STRIP = NO;
				GCC_C_LANGUAGE_STANDARD = gnu99;
				GCC_DYNAMIC_NO_PIC = NO;
				GCC_OPTIMIZATION_LEVEL = 0;
				GCC_PREPROCESSOR_DEFINITIONS = (
					"DEBUG=1",
					"$(inherited)",
				);
				GCC_SYMBOLS_PRIVATE_EXTERN = NO;
				GCC_WARN_64_TO_32_BIT_CONVERSION = YES;
				GCC_WARN_ABOUT_RETURN_TYPE = YES_ERROR;
				GCC_WARN_UNDECLARED_SELECTOR = YES;
				GCC_WARN_UNINITIALIZED_AUTOS = YES_AGGRESSIVE;
				GCC_WARN_UNUSED_FUNCTION = YES;
				GCC_WARN_UNUSED_VARIABLE = YES;
				IPHONEOS_DEPLOYMENT_TARGET = 5.0;
				ONLY_ACTIVE_ARCH = YES;
				SDKROOT = iphoneos;
			};
			name = Debug;
		};
		292467FE194C3FA400E146D8 /* Release */ = {
			isa = XCBuildConfiguration;
			buildSettings = {
				ALWAYS_SEARCH_USER_PATHS = NO;
				CLANG_CXX_LANGUAGE_STANDARD = "gnu++0x";
				CLANG_CXX_LIBRARY = "libc++";
				CLANG_ENABLE_MODULES = YES;
				CLANG_ENABLE_OBJC_ARC = YES;
				CLANG_WARN_BOOL_CONVERSION = YES;
				CLANG_WARN_CONSTANT_CONVERSION = YES;
				CLANG_WARN_DIRECT_OBJC_ISA_USAGE = YES_ERROR;
				CLANG_WARN_EMPTY_BODY = YES;
				CLANG_WARN_ENUM_CONVERSION = YES;
				CLANG_WARN_INT_CONVERSION = YES;
				CLANG_WARN_OBJC_ROOT_CLASS = YES_ERROR;
				CLANG_WARN__DUPLICATE_METHOD_MATCH = YES;
				"CODE_SIGN_IDENTITY[sdk=iphoneos*]" = "iPhone Developer";
				COPY_PHASE_STRIP = YES;
				ENABLE_NS_ASSERTIONS = NO;
				GCC_C_LANGUAGE_STANDARD = gnu99;
				GCC_WARN_64_TO_32_BIT_CONVERSION = YES;
				GCC_WARN_ABOUT_RETURN_TYPE = YES_ERROR;
				GCC_WARN_UNDECLARED_SELECTOR = YES;
				GCC_WARN_UNINITIALIZED_AUTOS = YES_AGGRESSIVE;
				GCC_WARN_UNUSED_FUNCTION = YES;
				GCC_WARN_UNUSED_VARIABLE = YES;
				IPHONEOS_DEPLOYMENT_TARGET = 5.0;
				SDKROOT = iphoneos;
				VALIDATE_PRODUCT = YES;
			};
			name = Release;
		};
		29246800194C3FA400E146D8 /* Debug */ = {
			isa = XCBuildConfiguration;
			baseConfigurationReference = A86B5FBB87124DF3BA6F8574 /* Pods-FoundationSafety.xcconfig */;
			buildSettings = {
				ASSETCATALOG_COMPILER_APPICON_NAME = AppIcon;
				ASSETCATALOG_COMPILER_LAUNCHIMAGE_NAME = LaunchImage;
				CLANG_ENABLE_MODULES = YES;
				GCC_PRECOMPILE_PREFIX_HEADER = YES;
				GCC_PREFIX_HEADER = "FoundationSafety/FoundationSafety-Prefix.pch";
				INFOPLIST_FILE = "FoundationSafety/FoundationSafety-Info.plist";
				LD_RUNPATH_SEARCH_PATHS = "$(inherited) @executable_path/Frameworks";
				PRODUCT_NAME = "$(TARGET_NAME)";
				SWIFT_OBJC_BRIDGING_HEADER = "FoundationSafety/FoundationSafety-Bridging-Header.h";
				SWIFT_OPTIMIZATION_LEVEL = "-Onone";
				WRAPPER_EXTENSION = app;
			};
			name = Debug;
		};
		29246801194C3FA400E146D8 /* Release */ = {
			isa = XCBuildConfiguration;
			baseConfigurationReference = A86B5FBB87124DF3BA6F8574 /* Pods-FoundationSafety.xcconfig */;
			buildSettings = {
				ASSETCATALOG_COMPILER_APPICON_NAME = AppIcon;
				ASSETCATALOG_COMPILER_LAUNCHIMAGE_NAME = LaunchImage;
				CLANG_ENABLE_MODULES = YES;
				GCC_PRECOMPILE_PREFIX_HEADER = YES;
				GCC_PREFIX_HEADER = "FoundationSafety/FoundationSafety-Prefix.pch";
				INFOPLIST_FILE = "FoundationSafety/FoundationSafety-Info.plist";
				LD_RUNPATH_SEARCH_PATHS = "$(inherited) @executable_path/Frameworks";
				PRODUCT_NAME = "$(TARGET_NAME)";
				SWIFT_OBJC_BRIDGING_HEADER = "FoundationSafety/FoundationSafety-Bridging-Header.h";
				WRAPPER_EXTENSION = app;
			};
			name = Release;
		};
		29246803194C3FA400E146D8 /* Debug */ = {
			isa = XCBuildConfiguration;
			baseConfigurationReference = 51A10A76690B4826A8E8026A /* Pods-FoundationSafetyTests.xcconfig */;
			buildSettings = {
				BUNDLE_LOADER = "$(BUILT_PRODUCTS_DIR)/FoundationSafety.app/FoundationSafety";
				FRAMEWORK_SEARCH_PATHS = (
					"$(SDKROOT)/Developer/Library/Frameworks",
					"$(inherited)",
					"$(DEVELOPER_FRAMEWORKS_DIR)",
				);
				GCC_PRECOMPILE_PREFIX_HEADER = YES;
				GCC_PREFIX_HEADER = "FoundationSafety/FoundationSafety-Prefix.pch";
				GCC_PREPROCESSOR_DEFINITIONS = (
					"DEBUG=1",
					"$(inherited)",
				);
				INFOPLIST_FILE = "FoundationSafetyTests/FoundationSafetyTests-Info.plist";
				PRODUCT_NAME = "$(TARGET_NAME)";
				TEST_HOST = "$(BUNDLE_LOADER)";
				WRAPPER_EXTENSION = xctest;
			};
			name = Debug;
		};
		29246804194C3FA400E146D8 /* Release */ = {
			isa = XCBuildConfiguration;
			baseConfigurationReference = 51A10A76690B4826A8E8026A /* Pods-FoundationSafetyTests.xcconfig */;
			buildSettings = {
				BUNDLE_LOADER = "$(BUILT_PRODUCTS_DIR)/FoundationSafety.app/FoundationSafety";
				FRAMEWORK_SEARCH_PATHS = (
					"$(SDKROOT)/Developer/Library/Frameworks",
					"$(inherited)",
					"$(DEVELOPER_FRAMEWORKS_DIR)",
				);
				GCC_PRECOMPILE_PREFIX_HEADER = YES;
				GCC_PREFIX_HEADER = "FoundationSafety/FoundationSafety-Prefix.pch";
				INFOPLIST_FILE = "FoundationSafetyTests/FoundationSafetyTests-Info.plist";
				PRODUCT_NAME = "$(TARGET_NAME)";
				TEST_HOST = "$(BUNDLE_LOADER)";
				WRAPPER_EXTENSION = xctest;
			};
			name = Release;
		};
/* End XCBuildConfiguration section */

/* Begin XCConfigurationList section */
		292467C8194C3FA400E146D8 /* Build configuration list for PBXProject "FoundationSafety" */ = {
			isa = XCConfigurationList;
			buildConfigurations = (
				292467FD194C3FA400E146D8 /* Debug */,
				292467FE194C3FA400E146D8 /* Release */,
			);
			defaultConfigurationIsVisible = 0;
			defaultConfigurationName = Release;
		};
		292467FF194C3FA400E146D8 /* Build configuration list for PBXNativeTarget "FoundationSafety" */ = {
			isa = XCConfigurationList;
			buildConfigurations = (
				29246800194C3FA400E146D8 /* Debug */,
				29246801194C3FA400E146D8 /* Release */,
			);
			defaultConfigurationIsVisible = 0;
			defaultConfigurationName = Release;
		};
		29246802194C3FA400E146D8 /* Build configuration list for PBXNativeTarget "FoundationSafetyTests" */ = {
			isa = XCConfigurationList;
			buildConfigurations = (
				29246803194C3FA400E146D8 /* Debug */,
				29246804194C3FA400E146D8 /* Release */,
			);
			defaultConfigurationIsVisible = 0;
			defaultConfigurationName = Release;
		};
/* End XCConfigurationList section */
	};
	rootObject = 292467C5194C3FA400E146D8 /* Project object */;
}
